// !$*UTF8*$!
{
	archiveVersion = 1;
	classes = {
	};
	objectVersion = 77;
	objects = {

/* Begin PBXContainerItemProxy section */
		B39DC5E72D10179C00B42B60 /* PBXContainerItemProxy */ = {
			isa = PBXContainerItemProxy;
			containerPortal = B39DC5CE2D10179900B42B60 /* Project object */;
			proxyType = 1;
			remoteGlobalIDString = B39DC5D52D10179900B42B60;
			remoteInfo = SwiftUIEssential;
		};
		B39DC5F12D10179C00B42B60 /* PBXContainerItemProxy */ = {
			isa = PBXContainerItemProxy;
			containerPortal = B39DC5CE2D10179900B42B60 /* Project object */;
			proxyType = 1;
			remoteGlobalIDString = B39DC5D52D10179900B42B60;
			remoteInfo = SwiftUIEssential;
		};
/* End PBXContainerItemProxy section */

/* Begin PBXFileReference section */
		B39DC5D62D10179900B42B60 /* SwiftUIEssential.app */ = {isa = PBXFileReference; explicitFileType = wrapper.application; includeInIndex = 0; path = SwiftUIEssential.app; sourceTree = BUILT_PRODUCTS_DIR; };
		B39DC5E62D10179C00B42B60 /* SwiftUIEssentialTests.xctest */ = {isa = PBXFileReference; explicitFileType = wrapper.cfbundle; includeInIndex = 0; path = SwiftUIEssentialTests.xctest; sourceTree = BUILT_PRODUCTS_DIR; };
		B39DC5F02D10179C00B42B60 /* SwiftUIEssentialUITests.xctest */ = {isa = PBXFileReference; explicitFileType = wrapper.cfbundle; includeInIndex = 0; path = SwiftUIEssentialUITests.xctest; sourceTree = BUILT_PRODUCTS_DIR; };
/* End PBXFileReference section */

/* Begin PBXFileSystemSynchronizedRootGroup section */
		B39DC5D82D10179900B42B60 /* SwiftUIEssential */ = {
			isa = PBXFileSystemSynchronizedRootGroup;
			path = SwiftUIEssential;
			sourceTree = "<group>";
		};
		B39DC5E92D10179C00B42B60 /* SwiftUIEssentialTests */ = {
			isa = PBXFileSystemSynchronizedRootGroup;
			path = SwiftUIEssentialTests;
			sourceTree = "<group>";
		};
		B39DC5F32D10179C00B42B60 /* SwiftUIEssentialUITests */ = {
			isa = PBXFileSystemSynchronizedRootGroup;
			path = SwiftUIEssentialUITests;
			sourceTree = "<group>";
		};
/* End PBXFileSystemSynchronizedRootGroup section */

/* Begin PBXFrameworksBuildPhase section */
		B39DC5D32D10179900B42B60 /* Frameworks */ = {
			isa = PBXFrameworksBuildPhase;
			buildActionMask = 2147483647;
			files = (
			);
			runOnlyForDeploymentPostprocessing = 0;
		};
		B39DC5E32D10179C00B42B60 /* Frameworks */ = {
			isa = PBXFrameworksBuildPhase;
			buildActionMask = 2147483647;
			files = (
			);
			runOnlyForDeploymentPostprocessing = 0;
		};
		B39DC5ED2D10179C00B42B60 /* Frameworks */ = {
			isa = PBXFrameworksBuildPhase;
			buildActionMask = 2147483647;
			files = (
			);
			runOnlyForDeploymentPostprocessing = 0;
		};
/* End PBXFrameworksBuildPhase section */

/* Begin PBXGroup section */
		B39DC5CD2D10179900B42B60 = {
			isa = PBXGroup;
			children = (
				B39DC5D82D10179900B42B60 /* SwiftUIEssential */,
				B39DC5E92D10179C00B42B60 /* SwiftUIEssentialTests */,
				B39DC5F32D10179C00B42B60 /* SwiftUIEssentialUITests */,
				B39DC5D72D10179900B42B60 /* Products */,
			);
			sourceTree = "<group>";
		};
		B39DC5D72D10179900B42B60 /* Products */ = {
			isa = PBXGroup;
			children = (
				B39DC5D62D10179900B42B60 /* SwiftUIEssential.app */,
				B39DC5E62D10179C00B42B60 /* SwiftUIEssentialTests.xctest */,
				B39DC5F02D10179C00B42B60 /* SwiftUIEssentialUITests.xctest */,
			);
			name = Products;
			sourceTree = "<group>";
		};
/* End PBXGroup section */

/* Begin PBXNativeTarget section */
		B39DC5D52D10179900B42B60 /* SwiftUIEssential */ = {
			isa = PBXNativeTarget;
			buildConfigurationList = B39DC5FA2D10179C00B42B60 /* Build configuration list for PBXNativeTarget "SwiftUIEssential" */;
			buildPhases = (
				B39DC5D22D10179900B42B60 /* Sources */,
				B39DC5D32D10179900B42B60 /* Frameworks */,
				B39DC5D42D10179900B42B60 /* Resources */,
			);
			buildRules = (
			);
			dependencies = (
			);
			fileSystemSynchronizedGroups = (
				B39DC5D82D10179900B42B60 /* SwiftUIEssential */,
			);
			name = SwiftUIEssential;
			packageProductDependencies = (
			);
			productName = SwiftUIEssential;
			productReference = B39DC5D62D10179900B42B60 /* SwiftUIEssential.app */;
			productType = "com.apple.product-type.application";
		};
		B39DC5E52D10179C00B42B60 /* SwiftUIEssentialTests */ = {
			isa = PBXNativeTarget;
			buildConfigurationList = B39DC5FD2D10179C00B42B60 /* Build configuration list for PBXNativeTarget "SwiftUIEssentialTests" */;
			buildPhases = (
				B39DC5E22D10179C00B42B60 /* Sources */,
				B39DC5E32D10179C00B42B60 /* Frameworks */,
				B39DC5E42D10179C00B42B60 /* Resources */,
			);
			buildRules = (
			);
			dependencies = (
				B39DC5E82D10179C00B42B60 /* PBXTargetDependency */,
			);
			fileSystemSynchronizedGroups = (
				B39DC5E92D10179C00B42B60 /* SwiftUIEssentialTests */,
			);
			name = SwiftUIEssentialTests;
			packageProductDependencies = (
			);
			productName = SwiftUIEssentialTests;
			productReference = B39DC5E62D10179C00B42B60 /* SwiftUIEssentialTests.xctest */;
			productType = "com.apple.product-type.bundle.unit-test";
		};
		B39DC5EF2D10179C00B42B60 /* SwiftUIEssentialUITests */ = {
			isa = PBXNativeTarget;
			buildConfigurationList = B39DC6002D10179C00B42B60 /* Build configuration list for PBXNativeTarget "SwiftUIEssentialUITests" */;
			buildPhases = (
				B39DC5EC2D10179C00B42B60 /* Sources */,
				B39DC5ED2D10179C00B42B60 /* Frameworks */,
				B39DC5EE2D10179C00B42B60 /* Resources */,
			);
			buildRules = (
			);
			dependencies = (
				B39DC5F22D10179C00B42B60 /* PBXTargetDependency */,
			);
			fileSystemSynchronizedGroups = (
				B39DC5F32D10179C00B42B60 /* SwiftUIEssentialUITests */,
			);
			name = SwiftUIEssentialUITests;
			packageProductDependencies = (
			);
			productName = SwiftUIEssentialUITests;
			productReference = B39DC5F02D10179C00B42B60 /* SwiftUIEssentialUITests.xctest */;
			productType = "com.apple.product-type.bundle.ui-testing";
		};
/* End PBXNativeTarget section */

/* Begin PBXProject section */
		B39DC5CE2D10179900B42B60 /* Project object */ = {
			isa = PBXProject;
			attributes = {
				BuildIndependentTargetsInParallel = 1;
				LastSwiftUpdateCheck = 1610;
				LastUpgradeCheck = 1610;
				TargetAttributes = {
					B39DC5D52D10179900B42B60 = {
						CreatedOnToolsVersion = 16.1;
					};
					B39DC5E52D10179C00B42B60 = {
						CreatedOnToolsVersion = 16.1;
						TestTargetID = B39DC5D52D10179900B42B60;
					};
					B39DC5EF2D10179C00B42B60 = {
						CreatedOnToolsVersion = 16.1;
						TestTargetID = B39DC5D52D10179900B42B60;
					};
				};
			};
			buildConfigurationList = B39DC5D12D10179900B42B60 /* Build configuration list for PBXProject "SwiftUIEssential" */;
			developmentRegion = en;
			hasScannedForEncodings = 0;
			knownRegions = (
				en,
				Base,
			);
			mainGroup = B39DC5CD2D10179900B42B60;
			minimizedProjectReferenceProxies = 1;
			preferredProjectObjectVersion = 77;
			productRefGroup = B39DC5D72D10179900B42B60 /* Products */;
			projectDirPath = "";
			projectRoot = "";
			targets = (
				B39DC5D52D10179900B42B60 /* SwiftUIEssential */,
				B39DC5E52D10179C00B42B60 /* SwiftUIEssentialTests */,
				B39DC5EF2D10179C00B42B60 /* SwiftUIEssentialUITests */,
			);
		};
/* End PBXProject section */

/* Begin PBXResourcesBuildPhase section */
		B39DC5D42D10179900B42B60 /* Resources */ = {
			isa = PBXResourcesBuildPhase;
			buildActionMask = 2147483647;
			files = (
			);
			runOnlyForDeploymentPostprocessing = 0;
		};
		B39DC5E42D10179C00B42B60 /* Resources */ = {
			isa = PBXResourcesBuildPhase;
			buildActionMask = 2147483647;
			files = (
			);
			runOnlyForDeploymentPostprocessing = 0;
		};
		B39DC5EE2D10179C00B42B60 /* Resources */ = {
			isa = PBXResourcesBuildPhase;
			buildActionMask = 2147483647;
			files = (
			);
			runOnlyForDeploymentPostprocessing = 0;
		};
/* End PBXResourcesBuildPhase section */

/* Begin PBXSourcesBuildPhase section */
		B39DC5D22D10179900B42B60 /* Sources */ = {
			isa = PBXSourcesBuildPhase;
			buildActionMask = 2147483647;
			files = (
			);
			runOnlyForDeploymentPostprocessing = 0;
		};
		B39DC5E22D10179C00B42B60 /* Sources */ = {
			isa = PBXSourcesBuildPhase;
			buildActionMask = 2147483647;
			files = (
			);
			runOnlyForDeploymentPostprocessing = 0;
		};
		B39DC5EC2D10179C00B42B60 /* Sources */ = {
			isa = PBXSourcesBuildPhase;
			buildActionMask = 2147483647;
			files = (
			);
			runOnlyForDeploymentPostprocessing = 0;
		};
/* End PBXSourcesBuildPhase section */

/* Begin PBXTargetDependency section */
		B39DC5E82D10179C00B42B60 /* PBXTargetDependency */ = {
			isa = PBXTargetDependency;
			target = B39DC5D52D10179900B42B60 /* SwiftUIEssential */;
			targetProxy = B39DC5E72D10179C00B42B60 /* PBXContainerItemProxy */;
		};
		B39DC5F22D10179C00B42B60 /* PBXTargetDependency */ = {
			isa = PBXTargetDependency;
			target = B39DC5D52D10179900B42B60 /* SwiftUIEssential */;
			targetProxy = B39DC5F12D10179C00B42B60 /* PBXContainerItemProxy */;
		};
/* End PBXTargetDependency section */

/* Begin XCBuildConfiguration section */
		B39DC5F82D10179C00B42B60 /* Debug */ = {
			isa = XCBuildConfiguration;
			buildSettings = {
				ALWAYS_SEARCH_USER_PATHS = NO;
				ASSETCATALOG_COMPILER_GENERATE_SWIFT_ASSET_SYMBOL_EXTENSIONS = YES;
				CLANG_ANALYZER_NONNULL = YES;
				CLANG_ANALYZER_NUMBER_OBJECT_CONVERSION = YES_AGGRESSIVE;
				CLANG_CXX_LANGUAGE_STANDARD = "gnu++20";
				CLANG_ENABLE_MODULES = YES;
				CLANG_ENABLE_OBJC_ARC = YES;
				CLANG_ENABLE_OBJC_WEAK = YES;
				CLANG_WARN_BLOCK_CAPTURE_AUTORELEASING = YES;
				CLANG_WARN_BOOL_CONVERSION = YES;
				CLANG_WARN_COMMA = YES;
				CLANG_WARN_CONSTANT_CONVERSION = YES;
				CLANG_WARN_DEPRECATED_OBJC_IMPLEMENTATIONS = YES;
				CLANG_WARN_DIRECT_OBJC_ISA_USAGE = YES_ERROR;
				CLANG_WARN_DOCUMENTATION_COMMENTS = YES;
				CLANG_WARN_EMPTY_BODY = YES;
				CLANG_WARN_ENUM_CONVERSION = YES;
				CLANG_WARN_INFINITE_RECURSION = YES;
				CLANG_WARN_INT_CONVERSION = YES;
				CLANG_WARN_NON_LITERAL_NULL_CONVERSION = YES;
				CLANG_WARN_OBJC_IMPLICIT_RETAIN_SELF = YES;
				CLANG_WARN_OBJC_LITERAL_CONVERSION = YES;
				CLANG_WARN_OBJC_ROOT_CLASS = YES_ERROR;
				CLANG_WARN_QUOTED_INCLUDE_IN_FRAMEWORK_HEADER = YES;
				CLANG_WARN_RANGE_LOOP_ANALYSIS = YES;
				CLANG_WARN_STRICT_PROTOTYPES = YES;
				CLANG_WARN_SUSPICIOUS_MOVE = YES;
				CLANG_WARN_UNGUARDED_AVAILABILITY = YES_AGGRESSIVE;
				CLANG_WARN_UNREACHABLE_CODE = YES;
				CLANG_WARN__DUPLICATE_METHOD_MATCH = YES;
				COPY_PHASE_STRIP = NO;
				DEBUG_INFORMATION_FORMAT = dwarf;
				ENABLE_STRICT_OBJC_MSGSEND = YES;
				ENABLE_TESTABILITY = YES;
				ENABLE_USER_SCRIPT_SANDBOXING = YES;
				GCC_C_LANGUAGE_STANDARD = gnu17;
				GCC_DYNAMIC_NO_PIC = NO;
				GCC_NO_COMMON_BLOCKS = YES;
				GCC_OPTIMIZATION_LEVEL = 0;
				GCC_PREPROCESSOR_DEFINITIONS = (
					"DEBUG=1",
					"$(inherited)",
				);
				GCC_WARN_64_TO_32_BIT_CONVERSION = YES;
				GCC_WARN_ABOUT_RETURN_TYPE = YES_ERROR;
				GCC_WARN_UNDECLARED_SELECTOR = YES;
				GCC_WARN_UNINITIALIZED_AUTOS = YES_AGGRESSIVE;
				GCC_WARN_UNUSED_FUNCTION = YES;
				GCC_WARN_UNUSED_VARIABLE = YES;
				IPHONEOS_DEPLOYMENT_TARGET = 18.1;
				LOCALIZATION_PREFERS_STRING_CATALOGS = YES;
				MTL_ENABLE_DEBUG_INFO = INCLUDE_SOURCE;
				MTL_FAST_MATH = YES;
				ONLY_ACTIVE_ARCH = YES;
				SDKROOT = iphoneos;
				SWIFT_ACTIVE_COMPILATION_CONDITIONS = "DEBUG $(inherited)";
				SWIFT_OPTIMIZATION_LEVEL = "-Onone";
			};
			name = Debug;
		};
		B39DC5F92D10179C00B42B60 /* Release */ = {
			isa = XCBuildConfiguration;
			buildSettings = {
				ALWAYS_SEARCH_USER_PATHS = NO;
				ASSETCATALOG_COMPILER_GENERATE_SWIFT_ASSET_SYMBOL_EXTENSIONS = YES;
				CLANG_ANALYZER_NONNULL = YES;
				CLANG_ANALYZER_NUMBER_OBJECT_CONVERSION = YES_AGGRESSIVE;
				CLANG_CXX_LANGUAGE_STANDARD = "gnu++20";
				CLANG_ENABLE_MODULES = YES;
				CLANG_ENABLE_OBJC_ARC = YES;
				CLANG_ENABLE_OBJC_WEAK = YES;
				CLANG_WARN_BLOCK_CAPTURE_AUTORELEASING = YES;
				CLANG_WARN_BOOL_CONVERSION = YES;
				CLANG_WARN_COMMA = YES;
				CLANG_WARN_CONSTANT_CONVERSION = YES;
				CLANG_WARN_DEPRECATED_OBJC_IMPLEMENTATIONS = YES;
				CLANG_WARN_DIRECT_OBJC_ISA_USAGE = YES_ERROR;
				CLANG_WARN_DOCUMENTATION_COMMENTS = YES;
				CLANG_WARN_EMPTY_BODY = YES;
				CLANG_WARN_ENUM_CONVERSION = YES;
				CLANG_WARN_INFINITE_RECURSION = YES;
				CLANG_WARN_INT_CONVERSION = YES;
				CLANG_WARN_NON_LITERAL_NULL_CONVERSION = YES;
				CLANG_WARN_OBJC_IMPLICIT_RETAIN_SELF = YES;
				CLANG_WARN_OBJC_LITERAL_CONVERSION = YES;
				CLANG_WARN_OBJC_ROOT_CLASS = YES_ERROR;
				CLANG_WARN_QUOTED_INCLUDE_IN_FRAMEWORK_HEADER = YES;
				CLANG_WARN_RANGE_LOOP_ANALYSIS = YES;
				CLANG_WARN_STRICT_PROTOTYPES = YES;
				CLANG_WARN_SUSPICIOUS_MOVE = YES;
				CLANG_WARN_UNGUARDED_AVAILABILITY = YES_AGGRESSIVE;
				CLANG_WARN_UNREACHABLE_CODE = YES;
				CLANG_WARN__DUPLICATE_METHOD_MATCH = YES;
				COPY_PHASE_STRIP = NO;
				DEBUG_INFORMATION_FORMAT = "dwarf-with-dsym";
				ENABLE_NS_ASSERTIONS = NO;
				ENABLE_STRICT_OBJC_MSGSEND = YES;
				ENABLE_USER_SCRIPT_SANDBOXING = YES;
				GCC_C_LANGUAGE_STANDARD = gnu17;
				GCC_NO_COMMON_BLOCKS = YES;
				GCC_WARN_64_TO_32_BIT_CONVERSION = YES;
				GCC_WARN_ABOUT_RETURN_TYPE = YES_ERROR;
				GCC_WARN_UNDECLARED_SELECTOR = YES;
				GCC_WARN_UNINITIALIZED_AUTOS = YES_AGGRESSIVE;
				GCC_WARN_UNUSED_FUNCTION = YES;
				GCC_WARN_UNUSED_VARIABLE = YES;
				IPHONEOS_DEPLOYMENT_TARGET = 18.1;
				LOCALIZATION_PREFERS_STRING_CATALOGS = YES;
				MTL_ENABLE_DEBUG_INFO = NO;
				MTL_FAST_MATH = YES;
				SDKROOT = iphoneos;
				SWIFT_COMPILATION_MODE = wholemodule;
				VALIDATE_PRODUCT = YES;
			};
			name = Release;
		};
		B39DC5FB2D10179C00B42B60 /* Debug */ = {
			isa = XCBuildConfiguration;
			buildSettings = {
				ASSETCATALOG_COMPILER_APPICON_NAME = AppIcon;
				ASSETCATALOG_COMPILER_GLOBAL_ACCENT_COLOR_NAME = AccentColor;
				CODE_SIGN_STYLE = Automatic;
				CURRENT_PROJECT_VERSION = 1;
				DEVELOPMENT_ASSET_PATHS = "\"SwiftUIEssential/Preview Content\"";
				ENABLE_PREVIEWS = YES;
				GENERATE_INFOPLIST_FILE = YES;
				INFOPLIST_KEY_UIApplicationSceneManifest_Generation = YES;
				INFOPLIST_KEY_UIApplicationSupportsIndirectInputEvents = YES;
				INFOPLIST_KEY_UILaunchScreen_Generation = YES;
				INFOPLIST_KEY_UISupportedInterfaceOrientations_iPad = "UIInterfaceOrientationPortrait UIInterfaceOrientationPortraitUpsideDown UIInterfaceOrientationLandscapeLeft UIInterfaceOrientationLandscapeRight";
				INFOPLIST_KEY_UISupportedInterfaceOrientations_iPhone = "UIInterfaceOrientationPortrait UIInterfaceOrientationLandscapeLeft UIInterfaceOrientationLandscapeRight";
				LD_RUNPATH_SEARCH_PATHS = (
					"$(inherited)",
					"@executable_path/Frameworks",
				);
				MARKETING_VERSION = 1.0;
				PRODUCT_BUNDLE_IDENTIFIER = com.tim.SwiftUIEssential;
				PRODUCT_NAME = "$(TARGET_NAME)";
				SWIFT_EMIT_LOC_STRINGS = YES;
				SWIFT_VERSION = 5.0;
				TARGETED_DEVICE_FAMILY = "1,2";
			};
			name = Debug;
		};
		B39DC5FC2D10179C00B42B60 /* Release */ = {
			isa = XCBuildConfiguration;
			buildSettings = {
				ASSETCATALOG_COMPILER_APPICON_NAME = AppIcon;
				ASSETCATALOG_COMPILER_GLOBAL_ACCENT_COLOR_NAME = AccentColor;
				CODE_SIGN_STYLE = Automatic;
				CURRENT_PROJECT_VERSION = 1;
				DEVELOPMENT_ASSET_PATHS = "\"SwiftUIEssential/Preview Content\"";
				ENABLE_PREVIEWS = YES;
				GENERATE_INFOPLIST_FILE = YES;
				INFOPLIST_KEY_UIApplicationSceneManifest_Generation = YES;
				INFOPLIST_KEY_UIApplicationSupportsIndirectInputEvents = YES;
				INFOPLIST_KEY_UILaunchScreen_Generation = YES;
				INFOPLIST_KEY_UISupportedInterfaceOrientations_iPad = "UIInterfaceOrientationPortrait UIInterfaceOrientationPortraitUpsideDown UIInterfaceOrientationLandscapeLeft UIInterfaceOrientationLandscapeRight";
				INFOPLIST_KEY_UISupportedInterfaceOrientations_iPhone = "UIInterfaceOrientationPortrait UIInterfaceOrientationLandscapeLeft UIInterfaceOrientationLandscapeRight";
				LD_RUNPATH_SEARCH_PATHS = (
					"$(inherited)",
					"@executable_path/Frameworks",
				);
				MARKETING_VERSION = 1.0;
				PRODUCT_BUNDLE_IDENTIFIER = com.tim.SwiftUIEssential;
				PRODUCT_NAME = "$(TARGET_NAME)";
				SWIFT_EMIT_LOC_STRINGS = YES;
				SWIFT_VERSION = 5.0;
				TARGETED_DEVICE_FAMILY = "1,2";
			};
			name = Release;
		};
		B39DC5FE2D10179C00B42B60 /* Debug */ = {
			isa = XCBuildConfiguration;
			buildSettings = {
				BUNDLE_LOADER = "$(TEST_HOST)";
				CODE_SIGN_STYLE = Automatic;
				CURRENT_PROJECT_VERSION = 1;
				GENERATE_INFOPLIST_FILE = YES;
				IPHONEOS_DEPLOYMENT_TARGET = 18.1;
				MARKETING_VERSION = 1.0;
				PRODUCT_BUNDLE_IDENTIFIER = com.tim.SwiftUIEssentialTests;
				PRODUCT_NAME = "$(TARGET_NAME)";
				SWIFT_EMIT_LOC_STRINGS = NO;
				SWIFT_VERSION = 5.0;
				TARGETED_DEVICE_FAMILY = "1,2";
				TEST_HOST = "$(BUILT_PRODUCTS_DIR)/SwiftUIEssential.app/$(BUNDLE_EXECUTABLE_FOLDER_PATH)/SwiftUIEssential";
			};
			name = Debug;
		};
		B39DC5FF2D10179C00B42B60 /* Release */ = {
			isa = XCBuildConfiguration;
			buildSettings = {
				BUNDLE_LOADER = "$(TEST_HOST)";
				CODE_SIGN_STYLE = Automatic;
				CURRENT_PROJECT_VERSION = 1;
				GENERATE_INFOPLIST_FILE = YES;
				IPHONEOS_DEPLOYMENT_TARGET = 18.1;
				MARKETING_VERSION = 1.0;
				PRODUCT_BUNDLE_IDENTIFIER = com.tim.SwiftUIEssentialTests;
				PRODUCT_NAME = "$(TARGET_NAME)";
				SWIFT_EMIT_LOC_STRINGS = NO;
				SWIFT_VERSION = 5.0;
				TARGETED_DEVICE_FAMILY = "1,2";
				TEST_HOST = "$(BUILT_PRODUCTS_DIR)/SwiftUIEssential.app/$(BUNDLE_EXECUTABLE_FOLDER_PATH)/SwiftUIEssential";
			};
			name = Release;
		};
		B39DC6012D10179C00B42B60 /* Debug */ = {
			isa = XCBuildConfiguration;
			buildSettings = {
				CODE_SIGN_STYLE = Automatic;
				CURRENT_PROJECT_VERSION = 1;
				GENERATE_INFOPLIST_FILE = YES;
				MARKETING_VERSION = 1.0;
				PRODUCT_BUNDLE_IDENTIFIER = com.tim.SwiftUIEssentialUITests;
				PRODUCT_NAME = "$(TARGET_NAME)";
				SWIFT_EMIT_LOC_STRINGS = NO;
				SWIFT_VERSION = 5.0;
				TARGETED_DEVICE_FAMILY = "1,2";
				TEST_TARGET_NAME = SwiftUIEssential;
			};
			name = Debug;
		};
		B39DC6022D10179C00B42B60 /* Release */ = {
			isa = XCBuildConfiguration;
			buildSettings = {
				CODE_SIGN_STYLE = Automatic;
				CURRENT_PROJECT_VERSION = 1;
				GENERATE_INFOPLIST_FILE = YES;
				MARKETING_VERSION = 1.0;
				PRODUCT_BUNDLE_IDENTIFIER = com.tim.SwiftUIEssentialUITests;
				PRODUCT_NAME = "$(TARGET_NAME)";
				SWIFT_EMIT_LOC_STRINGS = NO;
				SWIFT_VERSION = 5.0;
				TARGETED_DEVICE_FAMILY = "1,2";
				TEST_TARGET_NAME = SwiftUIEssential;
			};
			name = Release;
		};
/* End XCBuildConfiguration section */

/* Begin XCConfigurationList section */
		B39DC5D12D10179900B42B60 /* Build configuration list for PBXProject "SwiftUIEssential" */ = {
			isa = XCConfigurationList;
			buildConfigurations = (
				B39DC5F82D10179C00B42B60 /* Debug */,
				B39DC5F92D10179C00B42B60 /* Release */,
			);
			defaultConfigurationIsVisible = 0;
			defaultConfigurationName = Release;
		};
		B39DC5FA2D10179C00B42B60 /* Build configuration list for PBXNativeTarget "SwiftUIEssential" */ = {
			isa = XCConfigurationList;
			buildConfigurations = (
				B39DC5FB2D10179C00B42B60 /* Debug */,
				B39DC5FC2D10179C00B42B60 /* Release */,
			);
			defaultConfigurationIsVisible = 0;
			defaultConfigurationName = Release;
		};
		B39DC5FD2D10179C00B42B60 /* Build configuration list for PBXNativeTarget "SwiftUIEssentialTests" */ = {
			isa = XCConfigurationList;
			buildConfigurations = (
				B39DC5FE2D10179C00B42B60 /* Debug */,
				B39DC5FF2D10179C00B42B60 /* Release */,
			);
			defaultConfigurationIsVisible = 0;
			defaultConfigurationName = Release;
		};
		B39DC6002D10179C00B42B60 /* Build configuration list for PBXNativeTarget "SwiftUIEssentialUITests" */ = {
			isa = XCConfigurationList;
			buildConfigurations = (
				B39DC6012D10179C00B42B60 /* Debug */,
				B39DC6022D10179C00B42B60 /* Release */,
			);
			defaultConfigurationIsVisible = 0;
			defaultConfigurationName = Release;
		};
/* End XCConfigurationList section */
	};
	rootObject = B39DC5CE2D10179900B42B60 /* Project object */;
}
